
Microsoft Visual Studio Solution File, Format Version 12.00
# Visual Studio Version 17
VisualStudioVersion = 17.5.002.0
MinimumVisualStudioVersion = 10.0.40219.1
Project("{9A19103F-16F7-4668-BE54-9A1E7A4F7556}") = "CS_NS_EXAMPLE", "CS_NS_EXAMPLE.csproj", "{84C02FD9-0B39-4F10-838C-D35C19E3431A}"
EndProject
Global
	GlobalSection(SolutionConfigurationPlatforms) = preSolution
		Debug|Any CPU = Debug|Any CPU
		Release|Any CPU = Release|Any CPU
	EndGlobalSection
	GlobalSection(ProjectConfigurationPlatforms) = postSolution
		{84C02FD9-0B39-4F10-838C-D35C19E3431A}.Debug|Any CPU.ActiveCfg = Debug|Any CPU
		{84C02FD9-0B39-4F10-838C-D35C19E3431A}.Debug|Any CPU.Build.0 = Debug|Any CPU
		{84C02FD9-0B39-4F10-838C-D35C19E3431A}.Release|Any CPU.ActiveCfg = Release|Any CPU
		{84C02FD9-0B39-4F10-838C-D35C19E3431A}.Release|Any CPU.Build.0 = Release|Any CPU
	EndGlobalSection
	GlobalSection(SolutionProperties) = preSolution
		HideSolutionNode = FALSE
	EndGlobalSection
	GlobalSection(ExtensibilityGlobals) = postSolution
		SolutionGuid = {632DC58C-474E-4377-BD61-F52B02B4B8CB}
	EndGlobalSection
EndGlobal
